
Microsoft Visual Studio Solution File, Format Version 12.00
# Visual Studio Version 17
VisualStudioVersion = 17.5.002.0
MinimumVisualStudioVersion = 10.0.40219.1
Project("{9A19103F-16F7-4668-BE54-9A1E7A4F7556}") = "BlazingShop", "BlazingShop.csproj", "{2DF1E2CF-24BA-44A6-A303-BB66EE409D5D}"
EndProject
Global
	GlobalSection(SolutionConfigurationPlatforms) = preSolution
		Debug|Any CPU = Debug|Any CPU
		Release|Any CPU = Release|Any CPU
	EndGlobalSection
	GlobalSection(ProjectConfigurationPlatforms) = postSolution
		{2DF1E2CF-24BA-44A6-A303-BB66EE409D5D}.Debug|Any CPU.ActiveCfg = Debug|Any CPU
		{2DF1E2CF-24BA-44A6-A303-BB66EE409D5D}.Debug|Any CPU.Build.0 = Debug|Any CPU
		{2DF1E2CF-24BA-44A6-A303-BB66EE409D5D}.Release|Any CPU.ActiveCfg = Release|Any CPU
		{2DF1E2CF-24BA-44A6-A303-BB66EE409D5D}.Release|Any CPU.Build.0 = Release|Any CPU
	EndGlobalSection
	GlobalSection(SolutionProperties) = preSolution
		HideSolutionNode = FALSE
	EndGlobalSection
	GlobalSection(ExtensibilityGlobals) = postSolution
		SolutionGuid = {78943CC9-F8A6-471D-9F51-06B47283F197}
	EndGlobalSection
EndGlobal
